{
  "name": "tester-project",
  "version": "1.0.0",
  "lockfileVersion": 1,
  "requires": true,
  "dependencies": {
    "smart-focus-ring": {
      "version": "git+ssh://git@bitbucket.org/salter-smartdeploy/smart-focus-ring.git#69d76c742a43d7d8c744f571b16514c83fd29473",
      "from": "git+ssh://git@bitbucket.org/salter-smartdeploy/smart-focus-ring.git"
    }
  }
}
